// !$*UTF8*$!
{
	archiveVersion = 1;
	classes = {
	};
	objectVersion = 56;
	objects = {

/* Begin PBXBuildFile section */
		1A3B3BDC2A86B25300BF0F1E /* AppDelegate.swift in Sources */ = {isa = PBXBuildFile; fileRef = 1A3B3BDB2A86B25300BF0F1E /* AppDelegate.swift */; };
		1A3B3BDE2A86B25300BF0F1E /* SceneDelegate.swift in Sources */ = {isa = PBXBuildFile; fileRef = 1A3B3BDD2A86B25300BF0F1E /* SceneDelegate.swift */; };
		1A3B3BE02A86B25300BF0F1E /* FirebaseLoginVC.swift in Sources */ = {isa = PBXBuildFile; fileRef = 1A3B3BDF2A86B25300BF0F1E /* FirebaseLoginVC.swift */; };
		1A3B3BE32A86B25300BF0F1E /* Main.storyboard in Resources */ = {isa = PBXBuildFile; fileRef = 1A3B3BE12A86B25300BF0F1E /* Main.storyboard */; };
		1A3B3BE82A86B25400BF0F1E /* Assets.xcassets in Resources */ = {isa = PBXBuildFile; fileRef = 1A3B3BE72A86B25400BF0F1E /* Assets.xcassets */; };
		1A3B3BEB2A86B25400BF0F1E /* LaunchScreen.storyboard in Resources */ = {isa = PBXBuildFile; fileRef = 1A3B3BE92A86B25400BF0F1E /* LaunchScreen.storyboard */; };
		1A3B3BF52A86BC4500BF0F1E /* AddEditVC.swift in Sources */ = {isa = PBXBuildFile; fileRef = 1A3B3BF42A86BC4500BF0F1E /* AddEditVC.swift */; };
		1A3B3BF72A86BDC800BF0F1E /* FirebaseRegisterVC.swift in Sources */ = {isa = PBXBuildFile; fileRef = 1A3B3BF62A86BDC800BF0F1E /* FirebaseRegisterVC.swift */; };
		1A3B3BFC2A86C03E00BF0F1E /* FirebaseAuth in Frameworks */ = {isa = PBXBuildFile; productRef = 1A3B3BFB2A86C03E00BF0F1E /* FirebaseAuth */; };
		1A3B3BFE2A86C03E00BF0F1E /* FirebaseDatabase in Frameworks */ = {isa = PBXBuildFile; productRef = 1A3B3BFD2A86C03E00BF0F1E /* FirebaseDatabase */; };
		1A3B3C002A86C03E00BF0F1E /* FirebaseFirestore in Frameworks */ = {isa = PBXBuildFile; productRef = 1A3B3BFF2A86C03E00BF0F1E /* FirebaseFirestore */; };
		1A3B3C022A86C03E00BF0F1E /* FirebaseStorage in Frameworks */ = {isa = PBXBuildFile; productRef = 1A3B3C012A86C03E00BF0F1E /* FirebaseStorage */; };
		1A3B3C042A86C1BC00BF0F1E /* Movie.swift in Sources */ = {isa = PBXBuildFile; fileRef = 1A3B3C032A86C1BC00BF0F1E /* Movie.swift */; };
		1A3B3C062A86C21D00BF0F1E /* MovieTableViewCell.swift in Sources */ = {isa = PBXBuildFile; fileRef = 1A3B3C052A86C21D00BF0F1E /* MovieTableViewCell.swift */; };
		1AAB78DD2A86E27300315748 /* FirebaseCRUDVC.swift in Sources */ = {isa = PBXBuildFile; fileRef = 1AAB78DC2A86E27300315748 /* FirebaseCRUDVC.swift */; };
		1AAB78DF2A86EE7F00315748 /* GoogleService-Info.plist in Resources */ = {isa = PBXBuildFile; fileRef = 1AAB78DE2A86EE7F00315748 /* GoogleService-Info.plist */; };
		1AAB78E32A86EF7300315748 /* FirebaseFirestoreSwift in Frameworks */ = {isa = PBXBuildFile; productRef = 1AAB78E22A86EF7300315748 /* FirebaseFirestoreSwift */; };
		1AAB78E62A8703D000315748 /* Kingfisher in Frameworks */ = {isa = PBXBuildFile; productRef = 1AAB78E52A8703D000315748 /* Kingfisher */; };
/* End PBXBuildFile section */

/* Begin PBXFileReference section */
		1A3B3BD82A86B25300BF0F1E /* Assignment4_1001.app */ = {isa = PBXFileReference; explicitFileType = wrapper.application; includeInIndex = 0; path = Assignment4_1001.app; sourceTree = BUILT_PRODUCTS_DIR; };
		1A3B3BDB2A86B25300BF0F1E /* AppDelegate.swift */ = {isa = PBXFileReference; lastKnownFileType = sourcecode.swift; path = AppDelegate.swift; sourceTree = "<group>"; };
		1A3B3BDD2A86B25300BF0F1E /* SceneDelegate.swift */ = {isa = PBXFileReference; lastKnownFileType = sourcecode.swift; path = SceneDelegate.swift; sourceTree = "<group>"; };
		1A3B3BDF2A86B25300BF0F1E /* FirebaseLoginVC.swift */ = {isa = PBXFileReference; lastKnownFileType = sourcecode.swift; path = FirebaseLoginVC.swift; sourceTree = "<group>"; };
		1A3B3BE22A86B25300BF0F1E /* Base */ = {isa = PBXFileReference; lastKnownFileType = file.storyboard; name = Base; path = Base.lproj/Main.storyboard; sourceTree = "<group>"; };
		1A3B3BE72A86B25400BF0F1E /* Assets.xcassets */ = {isa = PBXFileReference; lastKnownFileType = folder.assetcatalog; path = Assets.xcassets; sourceTree = "<group>"; };
		1A3B3BEA2A86B25400BF0F1E /* Base */ = {isa = PBXFileReference; lastKnownFileType = file.storyboard; name = Base; path = Base.lproj/LaunchScreen.storyboard; sourceTree = "<group>"; };
		1A3B3BEC2A86B25400BF0F1E /* Info.plist */ = {isa = PBXFileReference; lastKnownFileType = text.plist.xml; path = Info.plist; sourceTree = "<group>"; };
		1A3B3BF42A86BC4500BF0F1E /* AddEditVC.swift */ = {isa = PBXFileReference; lastKnownFileType = sourcecode.swift; path = AddEditVC.swift; sourceTree = "<group>"; };
		1A3B3BF62A86BDC800BF0F1E /* FirebaseRegisterVC.swift */ = {isa = PBXFileReference; lastKnownFileType = sourcecode.swift; path = FirebaseRegisterVC.swift; sourceTree = "<group>"; };
		1A3B3C032A86C1BC00BF0F1E /* Movie.swift */ = {isa = PBXFileReference; lastKnownFileType = sourcecode.swift; path = Movie.swift; sourceTree = "<group>"; };
		1A3B3C052A86C21D00BF0F1E /* MovieTableViewCell.swift */ = {isa = PBXFileReference; lastKnownFileType = sourcecode.swift; path = MovieTableViewCell.swift; sourceTree = "<group>"; };
		1AAB78DC2A86E27300315748 /* FirebaseCRUDVC.swift */ = {isa = PBXFileReference; lastKnownFileType = sourcecode.swift; path = FirebaseCRUDVC.swift; sourceTree = "<group>"; };
		1AAB78DE2A86EE7F00315748 /* GoogleService-Info.plist */ = {isa = PBXFileReference; fileEncoding = 4; lastKnownFileType = text.plist.xml; path = "GoogleService-Info.plist"; sourceTree = "<group>"; };
/* End PBXFileReference section */

/* Begin PBXFrameworksBuildPhase section */
		1A3B3BD52A86B25300BF0F1E /* Frameworks */ = {
			isa = PBXFrameworksBuildPhase;
			buildActionMask = 2147483647;
			files = (
				1AAB78E62A8703D000315748 /* Kingfisher in Frameworks */,
				1AAB78E32A86EF7300315748 /* FirebaseFirestoreSwift in Frameworks */,
				1A3B3BFE2A86C03E00BF0F1E /* FirebaseDatabase in Frameworks */,
				1A3B3C022A86C03E00BF0F1E /* FirebaseStorage in Frameworks */,
				1A3B3BFC2A86C03E00BF0F1E /* FirebaseAuth in Frameworks */,
				1A3B3C002A86C03E00BF0F1E /* FirebaseFirestore in Frameworks */,
			);
			runOnlyForDeploymentPostprocessing = 0;
		};
/* End PBXFrameworksBuildPhase section */

/* Begin PBXGroup section */
		1A3B3BCF2A86B25300BF0F1E = {
			isa = PBXGroup;
			children = (
				1A3B3BDA2A86B25300BF0F1E /* Assignment4_1001 */,
				1A3B3BD92A86B25300BF0F1E /* Products */,
				1AAB78E12A86EF7300315748 /* Frameworks */,
			);
			sourceTree = "<group>";
		};
		1A3B3BD92A86B25300BF0F1E /* Products */ = {
			isa = PBXGroup;
			children = (
				1A3B3BD82A86B25300BF0F1E /* Assignment4_1001.app */,
			);
			name = Products;
			sourceTree = "<group>";
		};
		1A3B3BDA2A86B25300BF0F1E /* Assignment4_1001 */ = {
			isa = PBXGroup;
			children = (
				1A3B3BDB2A86B25300BF0F1E /* AppDelegate.swift */,
				1A3B3BDD2A86B25300BF0F1E /* SceneDelegate.swift */,
				1A3B3BDF2A86B25300BF0F1E /* FirebaseLoginVC.swift */,
				1A3B3BF62A86BDC800BF0F1E /* FirebaseRegisterVC.swift */,
				1AAB78DC2A86E27300315748 /* FirebaseCRUDVC.swift */,
				1A3B3C052A86C21D00BF0F1E /* MovieTableViewCell.swift */,
				1A3B3BF42A86BC4500BF0F1E /* AddEditVC.swift */,
				1A3B3C032A86C1BC00BF0F1E /* Movie.swift */,
				1A3B3BE12A86B25300BF0F1E /* Main.storyboard */,
				1A3B3BE72A86B25400BF0F1E /* Assets.xcassets */,
				1A3B3BE92A86B25400BF0F1E /* LaunchScreen.storyboard */,
				1AAB78DE2A86EE7F00315748 /* GoogleService-Info.plist */,
				1A3B3BEC2A86B25400BF0F1E /* Info.plist */,
			);
			path = Assignment4_1001;
			sourceTree = "<group>";
		};
		1AAB78E12A86EF7300315748 /* Frameworks */ = {
			isa = PBXGroup;
			children = (
			);
			name = Frameworks;
			sourceTree = "<group>";
		};
/* End PBXGroup section */

/* Begin PBXNativeTarget section */
		1A3B3BD72A86B25300BF0F1E /* Assignment4_1001 */ = {
			isa = PBXNativeTarget;
			buildConfigurationList = 1A3B3BEF2A86B25400BF0F1E /* Build configuration list for PBXNativeTarget "Assignment4_1001" */;
			buildPhases = (
				1A3B3BD42A86B25300BF0F1E /* Sources */,
				1A3B3BD52A86B25300BF0F1E /* Frameworks */,
				1A3B3BD62A86B25300BF0F1E /* Resources */,
			);
			buildRules = (
			);
			dependencies = (
			);
			name = Assignment4_1001;
			packageProductDependencies = (
				1A3B3BFB2A86C03E00BF0F1E /* FirebaseAuth */,
				1A3B3BFD2A86C03E00BF0F1E /* FirebaseDatabase */,
				1A3B3BFF2A86C03E00BF0F1E /* FirebaseFirestore */,
				1A3B3C012A86C03E00BF0F1E /* FirebaseStorage */,
				1AAB78E22A86EF7300315748 /* FirebaseFirestoreSwift */,
				1AAB78E52A8703D000315748 /* Kingfisher */,
			);
			productName = Assignment4_1001;
			productReference = 1A3B3BD82A86B25300BF0F1E /* Assignment4_1001.app */;
			productType = "com.apple.product-type.application";
		};
/* End PBXNativeTarget section */

/* Begin PBXProject section */
		1A3B3BD02A86B25300BF0F1E /* Project object */ = {
			isa = PBXProject;
			attributes = {
				BuildIndependentTargetsInParallel = 1;
				LastSwiftUpdateCheck = 1430;
				LastUpgradeCheck = 1430;
				TargetAttributes = {
					1A3B3BD72A86B25300BF0F1E = {
						CreatedOnToolsVersion = 14.3.1;
					};
				};
			};
			buildConfigurationList = 1A3B3BD32A86B25300BF0F1E /* Build configuration list for PBXProject "Assignment4_1001" */;
			compatibilityVersion = "Xcode 14.0";
			developmentRegion = en;
			hasScannedForEncodings = 0;
			knownRegions = (
				en,
				Base,
			);
			mainGroup = 1A3B3BCF2A86B25300BF0F1E;
			packageReferences = (
				1A3B3BFA2A86C03E00BF0F1E /* XCRemoteSwiftPackageReference "firebase-ios-sdk" */,
				1AAB78E42A8703CF00315748 /* XCRemoteSwiftPackageReference "Kingfisher" */,
			);
			productRefGroup = 1A3B3BD92A86B25300BF0F1E /* Products */;
			projectDirPath = "";
			projectRoot = "";
			targets = (
				1A3B3BD72A86B25300BF0F1E /* Assignment4_1001 */,
			);
		};
/* End PBXProject section */

/* Begin PBXResourcesBuildPhase section */
		1A3B3BD62A86B25300BF0F1E /* Resources */ = {
			isa = PBXResourcesBuildPhase;
			buildActionMask = 2147483647;
			files = (
				1A3B3BEB2A86B25400BF0F1E /* LaunchScreen.storyboard in Resources */,
				1AAB78DF2A86EE7F00315748 /* GoogleService-Info.plist in Resources */,
				1A3B3BE82A86B25400BF0F1E /* Assets.xcassets in Resources */,
				1A3B3BE32A86B25300BF0F1E /* Main.storyboard in Resources */,
			);
			runOnlyForDeploymentPostprocessing = 0;
		};
/* End PBXResourcesBuildPhase section */

/* Begin PBXSourcesBuildPhase section */
		1A3B3BD42A86B25300BF0F1E /* Sources */ = {
			isa = PBXSourcesBuildPhase;
			buildActionMask = 2147483647;
			files = (
				1A3B3BE02A86B25300BF0F1E /* FirebaseLoginVC.swift in Sources */,
				1A3B3BDC2A86B25300BF0F1E /* AppDelegate.swift in Sources */,
				1A3B3C062A86C21D00BF0F1E /* MovieTableViewCell.swift in Sources */,
				1A3B3BF52A86BC4500BF0F1E /* AddEditVC.swift in Sources */,
				1A3B3BDE2A86B25300BF0F1E /* SceneDelegate.swift in Sources */,
				1A3B3BF72A86BDC800BF0F1E /* FirebaseRegisterVC.swift in Sources */,
				1AAB78DD2A86E27300315748 /* FirebaseCRUDVC.swift in Sources */,
				1A3B3C042A86C1BC00BF0F1E /* Movie.swift in Sources */,
			);
			runOnlyForDeploymentPostprocessing = 0;
		};
/* End PBXSourcesBuildPhase section */

/* Begin PBXVariantGroup section */
		1A3B3BE12A86B25300BF0F1E /* Main.storyboard */ = {
			isa = PBXVariantGroup;
			children = (
				1A3B3BE22A86B25300BF0F1E /* Base */,
			);
			name = Main.storyboard;
			sourceTree = "<group>";
		};
		1A3B3BE92A86B25400BF0F1E /* LaunchScreen.storyboard */ = {
			isa = PBXVariantGroup;
			children = (
				1A3B3BEA2A86B25400BF0F1E /* Base */,
			);
			name = LaunchScreen.storyboard;
			sourceTree = "<group>";
		};
/* End PBXVariantGroup section */

/* Begin XCBuildConfiguration section */
		1A3B3BED2A86B25400BF0F1E /* Debug */ = {
			isa = XCBuildConfiguration;
			buildSettings = {
				ALWAYS_SEARCH_USER_PATHS = NO;
				CLANG_ANALYZER_NONNULL = YES;
				CLANG_ANALYZER_NUMBER_OBJECT_CONVERSION = YES_AGGRESSIVE;
				CLANG_CXX_LANGUAGE_STANDARD = "gnu++20";
				CLANG_ENABLE_MODULES = YES;
				CLANG_ENABLE_OBJC_ARC = YES;
				CLANG_ENABLE_OBJC_WEAK = YES;
				CLANG_WARN_BLOCK_CAPTURE_AUTORELEASING = YES;
				CLANG_WARN_BOOL_CONVERSION = YES;
				CLANG_WARN_COMMA = YES;
				CLANG_WARN_CONSTANT_CONVERSION = YES;
				CLANG_WARN_DEPRECATED_OBJC_IMPLEMENTATIONS = YES;
				CLANG_WARN_DIRECT_OBJC_ISA_USAGE = YES_ERROR;
				CLANG_WARN_DOCUMENTATION_COMMENTS = YES;
				CLANG_WARN_EMPTY_BODY = YES;
				CLANG_WARN_ENUM_CONVERSION = YES;
				CLANG_WARN_INFINITE_RECURSION = YES;
				CLANG_WARN_INT_CONVERSION = YES;
				CLANG_WARN_NON_LITERAL_NULL_CONVERSION = YES;
				CLANG_WARN_OBJC_IMPLICIT_RETAIN_SELF = YES;
				CLANG_WARN_OBJC_LITERAL_CONVERSION = YES;
				CLANG_WARN_OBJC_ROOT_CLASS = YES_ERROR;
				CLANG_WARN_QUOTED_INCLUDE_IN_FRAMEWORK_HEADER = YES;
				CLANG_WARN_RANGE_LOOP_ANALYSIS = YES;
				CLANG_WARN_STRICT_PROTOTYPES = YES;
				CLANG_WARN_SUSPICIOUS_MOVE = YES;
				CLANG_WARN_UNGUARDED_AVAILABILITY = YES_AGGRESSIVE;
				CLANG_WARN_UNREACHABLE_CODE = YES;
				CLANG_WARN__DUPLICATE_METHOD_MATCH = YES;
				COPY_PHASE_STRIP = NO;
				DEBUG_INFORMATION_FORMAT = dwarf;
				ENABLE_STRICT_OBJC_MSGSEND = YES;
				ENABLE_TESTABILITY = YES;
				GCC_C_LANGUAGE_STANDARD = gnu11;
				GCC_DYNAMIC_NO_PIC = NO;
				GCC_NO_COMMON_BLOCKS = YES;
				GCC_OPTIMIZATION_LEVEL = 0;
				GCC_PREPROCESSOR_DEFINITIONS = (
					"DEBUG=1",
					"$(inherited)",
				);
				GCC_WARN_64_TO_32_BIT_CONVERSION = YES;
				GCC_WARN_ABOUT_RETURN_TYPE = YES_ERROR;
				GCC_WARN_UNDECLARED_SELECTOR = YES;
				GCC_WARN_UNINITIALIZED_AUTOS = YES_AGGRESSIVE;
				GCC_WARN_UNUSED_FUNCTION = YES;
				GCC_WARN_UNUSED_VARIABLE = YES;
				IPHONEOS_DEPLOYMENT_TARGET = 16.4;
				MTL_ENABLE_DEBUG_INFO = INCLUDE_SOURCE;
				MTL_FAST_MATH = YES;
				ONLY_ACTIVE_ARCH = YES;
				SDKROOT = iphoneos;
				SWIFT_ACTIVE_COMPILATION_CONDITIONS = DEBUG;
				SWIFT_OPTIMIZATION_LEVEL = "-Onone";
			};
			name = Debug;
		};
		1A3B3BEE2A86B25400BF0F1E /* Release */ = {
			isa = XCBuildConfiguration;
			buildSettings = {
				ALWAYS_SEARCH_USER_PATHS = NO;
				CLANG_ANALYZER_NONNULL = YES;
				CLANG_ANALYZER_NUMBER_OBJECT_CONVERSION = YES_AGGRESSIVE;
				CLANG_CXX_LANGUAGE_STANDARD = "gnu++20";
				CLANG_ENABLE_MODULES = YES;
				CLANG_ENABLE_OBJC_ARC = YES;
				CLANG_ENABLE_OBJC_WEAK = YES;
				CLANG_WARN_BLOCK_CAPTURE_AUTORELEASING = YES;
				CLANG_WARN_BOOL_CONVERSION = YES;
				CLANG_WARN_COMMA = YES;
				CLANG_WARN_CONSTANT_CONVERSION = YES;
				CLANG_WARN_DEPRECATED_OBJC_IMPLEMENTATIONS = YES;
				CLANG_WARN_DIRECT_OBJC_ISA_USAGE = YES_ERROR;
				CLANG_WARN_DOCUMENTATION_COMMENTS = YES;
				CLANG_WARN_EMPTY_BODY = YES;
				CLANG_WARN_ENUM_CONVERSION = YES;
				CLANG_WARN_INFINITE_RECURSION = YES;
				CLANG_WARN_INT_CONVERSION = YES;
				CLANG_WARN_NON_LITERAL_NULL_CONVERSION = YES;
				CLANG_WARN_OBJC_IMPLICIT_RETAIN_SELF = YES;
				CLANG_WARN_OBJC_LITERAL_CONVERSION = YES;
				CLANG_WARN_OBJC_ROOT_CLASS = YES_ERROR;
				CLANG_WARN_QUOTED_INCLUDE_IN_FRAMEWORK_HEADER = YES;
				CLANG_WARN_RANGE_LOOP_ANALYSIS = YES;
				CLANG_WARN_STRICT_PROTOTYPES = YES;
				CLANG_WARN_SUSPICIOUS_MOVE = YES;
				CLANG_WARN_UNGUARDED_AVAILABILITY = YES_AGGRESSIVE;
				CLANG_WARN_UNREACHABLE_CODE = YES;
				CLANG_WARN__DUPLICATE_METHOD_MATCH = YES;
				COPY_PHASE_STRIP = NO;
				DEBUG_INFORMATION_FORMAT = "dwarf-with-dsym";
				ENABLE_NS_ASSERTIONS = NO;
				ENABLE_STRICT_OBJC_MSGSEND = YES;
				GCC_C_LANGUAGE_STANDARD = gnu11;
				GCC_NO_COMMON_BLOCKS = YES;
				GCC_WARN_64_TO_32_BIT_CONVERSION = YES;
				GCC_WARN_ABOUT_RETURN_TYPE = YES_ERROR;
				GCC_WARN_UNDECLARED_SELECTOR = YES;
				GCC_WARN_UNINITIALIZED_AUTOS = YES_AGGRESSIVE;
				GCC_WARN_UNUSED_FUNCTION = YES;
				GCC_WARN_UNUSED_VARIABLE = YES;
				IPHONEOS_DEPLOYMENT_TARGET = 16.4;
				MTL_ENABLE_DEBUG_INFO = NO;
				MTL_FAST_MATH = YES;
				SDKROOT = iphoneos;
				SWIFT_COMPILATION_MODE = wholemodule;
				SWIFT_OPTIMIZATION_LEVEL = "-O";
				VALIDATE_PRODUCT = YES;
			};
			name = Release;
		};
		1A3B3BF02A86B25400BF0F1E /* Debug */ = {
			isa = XCBuildConfiguration;
			buildSettings = {
				ASSETCATALOG_COMPILER_APPICON_NAME = AppIcon;
				ASSETCATALOG_COMPILER_GLOBAL_ACCENT_COLOR_NAME = AccentColor;
				CODE_SIGN_STYLE = Automatic;
				CURRENT_PROJECT_VERSION = 1;
				GENERATE_INFOPLIST_FILE = YES;
				INFOPLIST_FILE = Assignment4_1001/Info.plist;
				INFOPLIST_KEY_UIApplicationSupportsIndirectInputEvents = YES;
				INFOPLIST_KEY_UILaunchStoryboardName = LaunchScreen;
				INFOPLIST_KEY_UIMainStoryboardFile = Main;
				INFOPLIST_KEY_UISupportedInterfaceOrientations_iPad = "UIInterfaceOrientationPortrait UIInterfaceOrientationPortraitUpsideDown UIInterfaceOrientationLandscapeLeft UIInterfaceOrientationLandscapeRight";
				INFOPLIST_KEY_UISupportedInterfaceOrientations_iPhone = "UIInterfaceOrientationPortrait UIInterfaceOrientationLandscapeLeft UIInterfaceOrientationLandscapeRight";
				LD_RUNPATH_SEARCH_PATHS = (
					"$(inherited)",
					"@executable_path/Frameworks",
				);
				MARKETING_VERSION = 1.0;
				PRODUCT_BUNDLE_IDENTIFIER = "ca.georgiancollege.Assignment4-1001";
				PRODUCT_NAME = "$(TARGET_NAME)";
				SWIFT_EMIT_LOC_STRINGS = YES;
				SWIFT_VERSION = 5.0;
				TARGETED_DEVICE_FAMILY = "1,2";
			};
			name = Debug;
		};
		1A3B3BF12A86B25400BF0F1E /* Release */ = {
			isa = XCBuildConfiguration;
			buildSettings = {
				ASSETCATALOG_COMPILER_APPICON_NAME = AppIcon;
				ASSETCATALOG_COMPILER_GLOBAL_ACCENT_COLOR_NAME = AccentColor;
				CODE_SIGN_STYLE = Automatic;
				CURRENT_PROJECT_VERSION = 1;
				GENERATE_INFOPLIST_FILE = YES;
				INFOPLIST_FILE = Assignment4_1001/Info.plist;
				INFOPLIST_KEY_UIApplicationSupportsIndirectInputEvents = YES;
				INFOPLIST_KEY_UILaunchStoryboardName = LaunchScreen;
				INFOPLIST_KEY_UIMainStoryboardFile = Main;
				INFOPLIST_KEY_UISupportedInterfaceOrientations_iPad = "UIInterfaceOrientationPortrait UIInterfaceOrientationPortraitUpsideDown UIInterfaceOrientationLandscapeLeft UIInterfaceOrientationLandscapeRight";
				INFOPLIST_KEY_UISupportedInterfaceOrientations_iPhone = "UIInterfaceOrientationPortrait UIInterfaceOrientationLandscapeLeft UIInterfaceOrientationLandscapeRight";
				LD_RUNPATH_SEARCH_PATHS = (
					"$(inherited)",
					"@executable_path/Frameworks",
				);
				MARKETING_VERSION = 1.0;
				PRODUCT_BUNDLE_IDENTIFIER = "ca.georgiancollege.Assignment4-1001";
				PRODUCT_NAME = "$(TARGET_NAME)";
				SWIFT_EMIT_LOC_STRINGS = YES;
				SWIFT_VERSION = 5.0;
				TARGETED_DEVICE_FAMILY = "1,2";
			};
			name = Release;
		};
/* End XCBuildConfiguration section */

/* Begin XCConfigurationList section */
		1A3B3BD32A86B25300BF0F1E /* Build configuration list for PBXProject "Assignment4_1001" */ = {
			isa = XCConfigurationList;
			buildConfigurations = (
				1A3B3BED2A86B25400BF0F1E /* Debug */,
				1A3B3BEE2A86B25400BF0F1E /* Release */,
			);
			defaultConfigurationIsVisible = 0;
			defaultConfigurationName = Release;
		};
		1A3B3BEF2A86B25400BF0F1E /* Build configuration list for PBXNativeTarget "Assignment4_1001" */ = {
			isa = XCConfigurationList;
			buildConfigurations = (
				1A3B3BF02A86B25400BF0F1E /* Debug */,
				1A3B3BF12A86B25400BF0F1E /* Release */,
			);
			defaultConfigurationIsVisible = 0;
			defaultConfigurationName = Release;
		};
/* End XCConfigurationList section */

/* Begin XCRemoteSwiftPackageReference section */
		1A3B3BFA2A86C03E00BF0F1E /* XCRemoteSwiftPackageReference "firebase-ios-sdk" */ = {
			isa = XCRemoteSwiftPackageReference;
			repositoryURL = "https://github.com/firebase/firebase-ios-sdk";
			requirement = {
				kind = upToNextMajorVersion;
				minimumVersion = 10.0.0;
			};
		};
		1AAB78E42A8703CF00315748 /* XCRemoteSwiftPackageReference "Kingfisher" */ = {
			isa = XCRemoteSwiftPackageReference;
			repositoryURL = "https://github.com/onevcat/Kingfisher.git";
			requirement = {
				kind = upToNextMajorVersion;
				minimumVersion = 7.0.0;
			};
		};
/* End XCRemoteSwiftPackageReference section */

/* Begin XCSwiftPackageProductDependency section */
		1A3B3BFB2A86C03E00BF0F1E /* FirebaseAuth */ = {
			isa = XCSwiftPackageProductDependency;
			package = 1A3B3BFA2A86C03E00BF0F1E /* XCRemoteSwiftPackageReference "firebase-ios-sdk" */;
			productName = FirebaseAuth;
		};
		1A3B3BFD2A86C03E00BF0F1E /* FirebaseDatabase */ = {
			isa = XCSwiftPackageProductDependency;
			package = 1A3B3BFA2A86C03E00BF0F1E /* XCRemoteSwiftPackageReference "firebase-ios-sdk" */;
			productName = FirebaseDatabase;
		};
		1A3B3BFF2A86C03E00BF0F1E /* FirebaseFirestore */ = {
			isa = XCSwiftPackageProductDependency;
			package = 1A3B3BFA2A86C03E00BF0F1E /* XCRemoteSwiftPackageReference "firebase-ios-sdk" */;
			productName = FirebaseFirestore;
		};
		1A3B3C012A86C03E00BF0F1E /* FirebaseStorage */ = {
			isa = XCSwiftPackageProductDependency;
			package = 1A3B3BFA2A86C03E00BF0F1E /* XCRemoteSwiftPackageReference "firebase-ios-sdk" */;
			productName = FirebaseStorage;
		};
		1AAB78E22A86EF7300315748 /* FirebaseFirestoreSwift */ = {
			isa = XCSwiftPackageProductDependency;
			package = 1A3B3BFA2A86C03E00BF0F1E /* XCRemoteSwiftPackageReference "firebase-ios-sdk" */;
			productName = FirebaseFirestoreSwift;
		};
		1AAB78E52A8703D000315748 /* Kingfisher */ = {
			isa = XCSwiftPackageProductDependency;
			package = 1AAB78E42A8703CF00315748 /* XCRemoteSwiftPackageReference "Kingfisher" */;
			productName = Kingfisher;
		};
/* End XCSwiftPackageProductDependency section */
	};
	rootObject = 1A3B3BD02A86B25300BF0F1E /* Project object */;
}
